{
  "originHash" : "a7bbc034c15d72d69ecb780c91de55f90c90c481f38275eeb8b5aff0b6a4035a",
  "pins" : [
    {
      "identity" : "gzipswift",
      "kind" : "remoteSourceControl",
      "location" : "https://github.com/1024jp/GzipSwift",
      "state" : {
        "revision" : "731037f6cc2be2ec01562f6597c1d0aa3fe6fd05",
        "version" : "6.0.1"
      }
    },
    {
      "identity" : "highlighterswift",
      "kind" : "remoteSourceControl",
      "location" : "https://github.com/smittytone/HighlighterSwift.git",
      "state" : {
        "revision" : "7faedca3fe85b807848f8ac9729427a1abcf8a90",
        "version" : "1.1.6"
      }
    },
    {
      "identity" : "highlightr",
      "kind" : "remoteSourceControl",
      "location" : "https://github.com/raspu/Highlightr.git",
      "state" : {
        "revision" : "bcf2d0590f32ac2528feb72d7e34f5b463801a47",
        "version" : "2.2.1"
      }
    },
    {
      "identity" : "jinja",
      "kind" : "remoteSourceControl",
      "location" : "https://github.com/maiqingqiang/Jinja",
      "state" : {
        "revision" : "6dbe4c449469fb586d0f7339f900f0dd4d78b167",
        "version" : "1.0.6"
      }
    },
    {
      "identity" : "keyboardshortcuts",
      "kind" : "remoteSourceControl",
      "location" : "https://github.com/sindresorhus/KeyboardShortcuts",
      "state" : {
        "revision" : "9369a045a72a5296150879781321aecd228171db",
        "version" : "2.1.0"
      }
    },
    {
      "identity" : "launchatlogin-modern",
      "kind" : "remoteSourceControl",
      "location" : "https://github.com/sindresorhus/LaunchAtLogin-Modern",
      "state" : {
        "branch" : "main",
        "revision" : "a04ec1c363be3627734f6dad757d82f5d4fa8fcc"
      }
    },
    {
      "identity" : "markdownview",
      "kind" : "remoteSourceControl",
      "location" : "https://github.com/cyrilzakka/MarkdownView.git",
      "state" : {
        "branch" : "main",
        "revision" : "4234a0f287910f403701903e7387bc5e1b9c33f9"
      }
    },
    {
      "identity" : "mathjaxswift",
      "kind" : "remoteSourceControl",
      "location" : "https://github.com/aheze/MathJaxSwift.git",
      "state" : {
        "branch" : "main",
        "revision" : "dad2ff323c1d52ea8747f7ad4f405a9c717a62c1"
      }
    },
    {
      "identity" : "mlx-swift",
      "kind" : "remoteSourceControl",
      "location" : "https://github.com/ml-explore/mlx-swift",
      "state" : {
        "revision" : "d649c62b77c487c25012910b0d02b30283d388ca",
        "version" : "0.18.1"
      }
    },
    {
      "identity" : "mlx-swift-examples",
      "kind" : "remoteSourceControl",
      "location" : "https://github.com/ml-explore/mlx-swift-examples/",
      "state" : {
        "revision" : "7baf9bc2d7a2b68b4bfcae308e448ec68b8ef049",
        "version" : "1.18.1"
      }
    },
    {
      "identity" : "path.swift",
      "kind" : "remoteSourceControl",
      "location" : "https://github.com/mxcl/Path.swift.git",
      "state" : {
        "revision" : "8e355c28e9393c42e58b18c54cace2c42c98a616",
        "version" : "1.4.1"
      }
    },
    {
      "identity" : "pow",
      "kind" : "remoteSourceControl",
      "location" : "https://github.com/EmergeTools/Pow",
      "state" : {
        "revision" : "a504eb6d144bcf49f4f33029a2795345cb39e6b4",
        "version" : "1.0.5"
      }
    },
    {
      "identity" : "sparkle",
      "kind" : "remoteSourceControl",
      "location" : "https://github.com/sparkle-project/Sparkle",
      "state" : {
        "revision" : "0ef1ee0220239b3776f433314515fd849025673f",
        "version" : "2.6.4"
      }
    },
    {
      "identity" : "swift-argument-parser",
      "kind" : "remoteSourceControl",
      "location" : "https://github.com/apple/swift-argument-parser.git",
      "state" : {
        "revision" : "41982a3656a71c768319979febd796c6fd111d5c",
        "version" : "1.5.0"
      }
    },
    {
      "identity" : "swift-cmark",
      "kind" : "remoteSourceControl",
      "location" : "https://github.com/swiftlang/swift-cmark.git",
      "state" : {
        "branch" : "gfm",
        "revision" : "b022b08312decdc46585e0b3440d97f6f22ef703"
      }
    },
    {
      "identity" : "swift-markdown",
      "kind" : "remoteSourceControl",
      "location" : "https://github.com/swiftlang/swift-markdown.git",
      "state" : {
        "branch" : "main",
        "revision" : "90a8e2ec3d814093435b76c5e87917bd81785fd4"
      }
    },
    {
      "identity" : "swift-numerics",
      "kind" : "remoteSourceControl",
      "location" : "https://github.com/apple/swift-numerics",
      "state" : {
        "revision" : "0a5bc04095a675662cf24757cc0640aa2204253b",
        "version" : "1.0.2"
      }
    },
    {
      "identity" : "swift-package-list",
      "kind" : "remoteSourceControl",
      "location" : "https://github.com/FelixHerrmann/swift-package-list.git",
      "state" : {
        "revision" : "60b77bea44f5b2f7369aecfcd993f7672e09602a",
        "version" : "4.3.0"
      }
    },
    {
      "identity" : "swift-transformers",
      "kind" : "remoteSourceControl",
      "location" : "https://github.com/huggingface/swift-transformers.git",
      "state" : {
        "revision" : "d42fdae473c49ea216671da8caae58e102d28709",
        "version" : "0.1.14"
      }
    }
  ],
  "version" : 3
}
